// !$*UTF8*$!
{
	archiveVersion = 1;
	classes = {
	};
	objectVersion = 50;
	objects = {

/* Begin PBXBuildFile section */
		043343332111847A009511DE /* LZAlertView.m in Sources */ = {isa = PBXBuildFile; fileRef = 043343322111847A009511DE /* LZAlertView.m */; };
		04343A3021192A2C0097752E /* LZNavigationController.m in Sources */ = {isa = PBXBuildFile; fileRef = 04343A2F21192A2C0097752E /* LZNavigationController.m */; };
		04343A33211969330097752E /* UIBarButtonItem+LZExtension.m in Sources */ = {isa = PBXBuildFile; fileRef = 04343A32211969330097752E /* UIBarButtonItem+LZExtension.m */; };
		04364F80210EA49C00D9F6CF /* LZTabBarController.m in Sources */ = {isa = PBXBuildFile; fileRef = 04364F7F210EA49C00D9F6CF /* LZTabBarController.m */; };
		04364F83210EDBBA00D9F6CF /* LZTabBar.m in Sources */ = {isa = PBXBuildFile; fileRef = 04364F82210EDBBA00D9F6CF /* LZTabBar.m */; };
		04424A862125075D001CD1E4 /* LZHomeHeaderView.m in Sources */ = {isa = PBXBuildFile; fileRef = 04424A852125075D001CD1E4 /* LZHomeHeaderView.m */; };
		045823C5210FF6F900486383 /* UIView+LZExtension.m in Sources */ = {isa = PBXBuildFile; fileRef = 045823C4210FF6F900486383 /* UIView+LZExtension.m */; };
		04FC0D20210B003B00CD2A23 /* AppDelegate.m in Sources */ = {isa = PBXBuildFile; fileRef = 04FC0D1F210B003B00CD2A23 /* AppDelegate.m */; };
		04FC0D38210B004500CD2A23 /* BaiSiTests.m in Sources */ = {isa = PBXBuildFile; fileRef = 04FC0D37210B004500CD2A23 /* BaiSiTests.m */; };
		04FC0D43210B004500CD2A23 /* BaiSiUITests.m in Sources */ = {isa = PBXBuildFile; fileRef = 04FC0D42210B004500CD2A23 /* BaiSiUITests.m */; };
		04FC0D6F210B030F00CD2A23 /* Assets.xcassets in Resources */ = {isa = PBXBuildFile; fileRef = 04FC0D51210B030E00CD2A23 /* Assets.xcassets */; };
		04FC0D70210B030F00CD2A23 /* LaunchScreen.storyboard in Resources */ = {isa = PBXBuildFile; fileRef = 04FC0D52210B030E00CD2A23 /* LaunchScreen.storyboard */; };
		04FC0D73210B030F00CD2A23 /* main.m in Sources */ = {isa = PBXBuildFile; fileRef = 04FC0D58210B030E00CD2A23 /* main.m */; };
		04FC0D76210B08A300CD2A23 /* LZEssenceViewController.m in Sources */ = {isa = PBXBuildFile; fileRef = 04FC0D75210B08A300CD2A23 /* LZEssenceViewController.m */; };
		04FC0D79210B08B600CD2A23 /* LZFollowViewController.m in Sources */ = {isa = PBXBuildFile; fileRef = 04FC0D78210B08B600CD2A23 /* LZFollowViewController.m */; };
		04FC0D7C210B08C300CD2A23 /* LZMeViewController.m in Sources */ = {isa = PBXBuildFile; fileRef = 04FC0D7B210B08C300CD2A23 /* LZMeViewController.m */; };
		04FC0D7F210B08D100CD2A23 /* LZNewViewController.m in Sources */ = {isa = PBXBuildFile; fileRef = 04FC0D7E210B08D100CD2A23 /* LZNewViewController.m */; };
		04FC0D82210B08E400CD2A23 /* LZPublishViewController.m in Sources */ = {isa = PBXBuildFile; fileRef = 04FC0D81210B08E400CD2A23 /* LZPublishViewController.m */; };
		3160B6BA32E3770E284B2C17 /* Pods_BaiSi.framework in Frameworks */ = {isa = PBXBuildFile; fileRef = 4CB6D146C6790638DF0B8D91 /* Pods_BaiSi.framework */; };
/* End PBXBuildFile section */

/* Begin PBXContainerItemProxy section */
		04FC0D34210B004500CD2A23 /* PBXContainerItemProxy */ = {
			isa = PBXContainerItemProxy;
			containerPortal = 04FC0D13210B003B00CD2A23 /* Project object */;
			proxyType = 1;
			remoteGlobalIDString = 04FC0D1A210B003B00CD2A23;
			remoteInfo = BaiSi;
		};
		04FC0D3F210B004500CD2A23 /* PBXContainerItemProxy */ = {
			isa = PBXContainerItemProxy;
			containerPortal = 04FC0D13210B003B00CD2A23 /* Project object */;
			proxyType = 1;
			remoteGlobalIDString = 04FC0D1A210B003B00CD2A23;
			remoteInfo = BaiSi;
		};
/* End PBXContainerItemProxy section */

/* Begin PBXFileReference section */
		043343312111847A009511DE /* LZAlertView.h */ = {isa = PBXFileReference; lastKnownFileType = sourcecode.c.h; path = LZAlertView.h; sourceTree = "<group>"; };
		043343322111847A009511DE /* LZAlertView.m */ = {isa = PBXFileReference; lastKnownFileType = sourcecode.c.objc; path = LZAlertView.m; sourceTree = "<group>"; };
		04343A2E21192A2C0097752E /* LZNavigationController.h */ = {isa = PBXFileReference; lastKnownFileType = sourcecode.c.h; path = LZNavigationController.h; sourceTree = "<group>"; };
		04343A2F21192A2C0097752E /* LZNavigationController.m */ = {isa = PBXFileReference; lastKnownFileType = sourcecode.c.objc; path = LZNavigationController.m; sourceTree = "<group>"; };
		04343A31211969330097752E /* UIBarButtonItem+LZExtension.h */ = {isa = PBXFileReference; lastKnownFileType = sourcecode.c.h; path = "UIBarButtonItem+LZExtension.h"; sourceTree = "<group>"; };
		04343A32211969330097752E /* UIBarButtonItem+LZExtension.m */ = {isa = PBXFileReference; lastKnownFileType = sourcecode.c.objc; path = "UIBarButtonItem+LZExtension.m"; sourceTree = "<group>"; };
		04364F7E210EA49C00D9F6CF /* LZTabBarController.h */ = {isa = PBXFileReference; lastKnownFileType = sourcecode.c.h; path = LZTabBarController.h; sourceTree = "<group>"; };
		04364F7F210EA49C00D9F6CF /* LZTabBarController.m */ = {isa = PBXFileReference; lastKnownFileType = sourcecode.c.objc; path = LZTabBarController.m; sourceTree = "<group>"; };
		04364F81210EDBBA00D9F6CF /* LZTabBar.h */ = {isa = PBXFileReference; lastKnownFileType = sourcecode.c.h; path = LZTabBar.h; sourceTree = "<group>"; };
		04364F82210EDBBA00D9F6CF /* LZTabBar.m */ = {isa = PBXFileReference; lastKnownFileType = sourcecode.c.objc; path = LZTabBar.m; sourceTree = "<group>"; };
		04424A842125075D001CD1E4 /* LZHomeHeaderView.h */ = {isa = PBXFileReference; lastKnownFileType = sourcecode.c.h; path = LZHomeHeaderView.h; sourceTree = "<group>"; };
		04424A852125075D001CD1E4 /* LZHomeHeaderView.m */ = {isa = PBXFileReference; lastKnownFileType = sourcecode.c.objc; path = LZHomeHeaderView.m; sourceTree = "<group>"; };
		045823C3210FF6F900486383 /* UIView+LZExtension.h */ = {isa = PBXFileReference; lastKnownFileType = sourcecode.c.h; path = "UIView+LZExtension.h"; sourceTree = "<group>"; };
		045823C4210FF6F900486383 /* UIView+LZExtension.m */ = {isa = PBXFileReference; lastKnownFileType = sourcecode.c.objc; path = "UIView+LZExtension.m"; sourceTree = "<group>"; };
		0475D15A212404B2007ACEF7 /* BaseMacro.h */ = {isa = PBXFileReference; fileEncoding = 4; lastKnownFileType = sourcecode.c.h; path = BaseMacro.h; sourceTree = "<group>"; };
		0475D15B212404B2007ACEF7 /* CommonMacro.h */ = {isa = PBXFileReference; fileEncoding = 4; lastKnownFileType = sourcecode.c.h; path = CommonMacro.h; sourceTree = "<group>"; };
		0475D15C21240656007ACEF7 /* PrefixHeader.pch */ = {isa = PBXFileReference; lastKnownFileType = sourcecode.c.h; path = PrefixHeader.pch; sourceTree = "<group>"; };
		04FC0D1B210B003B00CD2A23 /* BaiSi.app */ = {isa = PBXFileReference; explicitFileType = wrapper.application; includeInIndex = 0; path = BaiSi.app; sourceTree = BUILT_PRODUCTS_DIR; };
		04FC0D1E210B003B00CD2A23 /* AppDelegate.h */ = {isa = PBXFileReference; lastKnownFileType = sourcecode.c.h; path = AppDelegate.h; sourceTree = "<group>"; };
		04FC0D1F210B003B00CD2A23 /* AppDelegate.m */ = {isa = PBXFileReference; lastKnownFileType = sourcecode.c.objc; path = AppDelegate.m; sourceTree = "<group>"; };
		04FC0D33210B004500CD2A23 /* BaiSiTests.xctest */ = {isa = PBXFileReference; explicitFileType = wrapper.cfbundle; includeInIndex = 0; path = BaiSiTests.xctest; sourceTree = BUILT_PRODUCTS_DIR; };
		04FC0D37210B004500CD2A23 /* BaiSiTests.m */ = {isa = PBXFileReference; lastKnownFileType = sourcecode.c.objc; path = BaiSiTests.m; sourceTree = "<group>"; };
		04FC0D39210B004500CD2A23 /* Info.plist */ = {isa = PBXFileReference; lastKnownFileType = text.plist.xml; path = Info.plist; sourceTree = "<group>"; };
		04FC0D3E210B004500CD2A23 /* BaiSiUITests.xctest */ = {isa = PBXFileReference; explicitFileType = wrapper.cfbundle; includeInIndex = 0; path = BaiSiUITests.xctest; sourceTree = BUILT_PRODUCTS_DIR; };
		04FC0D42210B004500CD2A23 /* BaiSiUITests.m */ = {isa = PBXFileReference; lastKnownFileType = sourcecode.c.objc; path = BaiSiUITests.m; sourceTree = "<group>"; };
		04FC0D44210B004500CD2A23 /* Info.plist */ = {isa = PBXFileReference; lastKnownFileType = text.plist.xml; path = Info.plist; sourceTree = "<group>"; };
		04FC0D51210B030E00CD2A23 /* Assets.xcassets */ = {isa = PBXFileReference; lastKnownFileType = folder.assetcatalog; path = Assets.xcassets; sourceTree = "<group>"; };
		04FC0D53210B030E00CD2A23 /* Base */ = {isa = PBXFileReference; lastKnownFileType = file.storyboard; name = Base; path = Base.lproj/LaunchScreen.storyboard; sourceTree = "<group>"; };
		04FC0D57210B030E00CD2A23 /* Info.plist */ = {isa = PBXFileReference; fileEncoding = 4; lastKnownFileType = text.plist.xml; path = Info.plist; sourceTree = "<group>"; };
		04FC0D58210B030E00CD2A23 /* main.m */ = {isa = PBXFileReference; fileEncoding = 4; lastKnownFileType = sourcecode.c.objc; path = main.m; sourceTree = "<group>"; };
		04FC0D74210B08A300CD2A23 /* LZEssenceViewController.h */ = {isa = PBXFileReference; lastKnownFileType = sourcecode.c.h; path = LZEssenceViewController.h; sourceTree = "<group>"; };
		04FC0D75210B08A300CD2A23 /* LZEssenceViewController.m */ = {isa = PBXFileReference; lastKnownFileType = sourcecode.c.objc; path = LZEssenceViewController.m; sourceTree = "<group>"; };
		04FC0D77210B08B600CD2A23 /* LZFollowViewController.h */ = {isa = PBXFileReference; lastKnownFileType = sourcecode.c.h; path = LZFollowViewController.h; sourceTree = "<group>"; };
		04FC0D78210B08B600CD2A23 /* LZFollowViewController.m */ = {isa = PBXFileReference; lastKnownFileType = sourcecode.c.objc; path = LZFollowViewController.m; sourceTree = "<group>"; };
		04FC0D7A210B08C300CD2A23 /* LZMeViewController.h */ = {isa = PBXFileReference; lastKnownFileType = sourcecode.c.h; path = LZMeViewController.h; sourceTree = "<group>"; };
		04FC0D7B210B08C300CD2A23 /* LZMeViewController.m */ = {isa = PBXFileReference; lastKnownFileType = sourcecode.c.objc; path = LZMeViewController.m; sourceTree = "<group>"; };
		04FC0D7D210B08D100CD2A23 /* LZNewViewController.h */ = {isa = PBXFileReference; lastKnownFileType = sourcecode.c.h; path = LZNewViewController.h; sourceTree = "<group>"; };
		04FC0D7E210B08D100CD2A23 /* LZNewViewController.m */ = {isa = PBXFileReference; lastKnownFileType = sourcecode.c.objc; path = LZNewViewController.m; sourceTree = "<group>"; };
		04FC0D80210B08E400CD2A23 /* LZPublishViewController.h */ = {isa = PBXFileReference; lastKnownFileType = sourcecode.c.h; path = LZPublishViewController.h; sourceTree = "<group>"; };
		04FC0D81210B08E400CD2A23 /* LZPublishViewController.m */ = {isa = PBXFileReference; lastKnownFileType = sourcecode.c.objc; path = LZPublishViewController.m; sourceTree = "<group>"; };
		4CB6D146C6790638DF0B8D91 /* Pods_BaiSi.framework */ = {isa = PBXFileReference; explicitFileType = wrapper.framework; includeInIndex = 0; path = Pods_BaiSi.framework; sourceTree = BUILT_PRODUCTS_DIR; };
		C537EAF423C1E970792AD91F /* Pods-BaiSi.debug.xcconfig */ = {isa = PBXFileReference; includeInIndex = 1; lastKnownFileType = text.xcconfig; name = "Pods-BaiSi.debug.xcconfig"; path = "Pods/Target Support Files/Pods-BaiSi/Pods-BaiSi.debug.xcconfig"; sourceTree = "<group>"; };
		F930E0F0BBA3EDDC3A25007E /* Pods-BaiSi.release.xcconfig */ = {isa = PBXFileReference; includeInIndex = 1; lastKnownFileType = text.xcconfig; name = "Pods-BaiSi.release.xcconfig"; path = "Pods/Target Support Files/Pods-BaiSi/Pods-BaiSi.release.xcconfig"; sourceTree = "<group>"; };
/* End PBXFileReference section */

/* Begin PBXFrameworksBuildPhase section */
		04FC0D18210B003B00CD2A23 /* Frameworks */ = {
			isa = PBXFrameworksBuildPhase;
			buildActionMask = 2147483647;
			files = (
				3160B6BA32E3770E284B2C17 /* Pods_BaiSi.framework in Frameworks */,
			);
			runOnlyForDeploymentPostprocessing = 0;
		};
		04FC0D30210B004500CD2A23 /* Frameworks */ = {
			isa = PBXFrameworksBuildPhase;
			buildActionMask = 2147483647;
			files = (
			);
			runOnlyForDeploymentPostprocessing = 0;
		};
		04FC0D3B210B004500CD2A23 /* Frameworks */ = {
			isa = PBXFrameworksBuildPhase;
			buildActionMask = 2147483647;
			files = (
			);
			runOnlyForDeploymentPostprocessing = 0;
		};
/* End PBXFrameworksBuildPhase section */

/* Begin PBXGroup section */
		0404C2F0210F164900CB4B0C /* Category */ = {
			isa = PBXGroup;
			children = (
				045823C3210FF6F900486383 /* UIView+LZExtension.h */,
				045823C4210FF6F900486383 /* UIView+LZExtension.m */,
				04343A31211969330097752E /* UIBarButtonItem+LZExtension.h */,
				04343A32211969330097752E /* UIBarButtonItem+LZExtension.m */,
			);
			path = Category;
			sourceTree = "<group>";
		};
		04364F7B210EA44B00D9F6CF /* Common */ = {
			isa = PBXGroup;
			children = (
				04364F7C210EA44B00D9F6CF /* Controller */,
				04364F7D210EA44B00D9F6CF /* View */,
			);
			path = Common;
			sourceTree = "<group>";
		};
		04364F7C210EA44B00D9F6CF /* Controller */ = {
			isa = PBXGroup;
			children = (
				04364F7E210EA49C00D9F6CF /* LZTabBarController.h */,
				04364F7F210EA49C00D9F6CF /* LZTabBarController.m */,
				04343A2E21192A2C0097752E /* LZNavigationController.h */,
				04343A2F21192A2C0097752E /* LZNavigationController.m */,
			);
			path = Controller;
			sourceTree = "<group>";
		};
		04364F7D210EA44B00D9F6CF /* View */ = {
			isa = PBXGroup;
			children = (
				04364F81210EDBBA00D9F6CF /* LZTabBar.h */,
				04364F82210EDBBA00D9F6CF /* LZTabBar.m */,
				043343312111847A009511DE /* LZAlertView.h */,
				043343322111847A009511DE /* LZAlertView.m */,
			);
			path = View;
			sourceTree = "<group>";
		};
		0475D159212404B2007ACEF7 /* Macro */ = {
			isa = PBXGroup;
			children = (
				0475D15A212404B2007ACEF7 /* BaseMacro.h */,
				0475D15B212404B2007ACEF7 /* CommonMacro.h */,
			);
			name = Macro;
			path = BaiSi/Apps/Common/Macro;
			sourceTree = SOURCE_ROOT;
		};
		04FC0D12210B003B00CD2A23 = {
			isa = PBXGroup;
			children = (
				04FC0D1D210B003B00CD2A23 /* BaiSi */,
				04FC0D36210B004500CD2A23 /* BaiSiTests */,
				04FC0D41210B004500CD2A23 /* BaiSiUITests */,
				04FC0D1C210B003B00CD2A23 /* Products */,
				87562C42F0321F5D49D3B07C /* Pods */,
				1FCB76EEC0C466511A652494 /* Frameworks */,
			);
			sourceTree = "<group>";
		};
		04FC0D1C210B003B00CD2A23 /* Products */ = {
			isa = PBXGroup;
			children = (
				04FC0D1B210B003B00CD2A23 /* BaiSi.app */,
				04FC0D33210B004500CD2A23 /* BaiSiTests.xctest */,
				04FC0D3E210B004500CD2A23 /* BaiSiUITests.xctest */,
			);
			name = Products;
			sourceTree = "<group>";
		};
		04FC0D1D210B003B00CD2A23 /* BaiSi */ = {
			isa = PBXGroup;
			children = (
				04FC0D1E210B003B00CD2A23 /* AppDelegate.h */,
				04FC0D1F210B003B00CD2A23 /* AppDelegate.m */,
				0475D15C21240656007ACEF7 /* PrefixHeader.pch */,
				04FC0D59210B030E00CD2A23 /* Apps */,
				04FC0D50210B030E00CD2A23 /* Resources */,
				04FC0D56210B030E00CD2A23 /* Supporting Files */,
				04FC0D6E210B030E00CD2A23 /* Third */,
			);
			path = BaiSi;
			sourceTree = "<group>";
		};
		04FC0D36210B004500CD2A23 /* BaiSiTests */ = {
			isa = PBXGroup;
			children = (
				04FC0D37210B004500CD2A23 /* BaiSiTests.m */,
				04FC0D39210B004500CD2A23 /* Info.plist */,
			);
			path = BaiSiTests;
			sourceTree = "<group>";
		};
		04FC0D41210B004500CD2A23 /* BaiSiUITests */ = {
			isa = PBXGroup;
			children = (
				04FC0D42210B004500CD2A23 /* BaiSiUITests.m */,
				04FC0D44210B004500CD2A23 /* Info.plist */,
			);
			path = BaiSiUITests;
			sourceTree = "<group>";
		};
		04FC0D50210B030E00CD2A23 /* Resources */ = {
			isa = PBXGroup;
			children = (
				04FC0D51210B030E00CD2A23 /* Assets.xcassets */,
				04FC0D52210B030E00CD2A23 /* LaunchScreen.storyboard */,
			);
			path = Resources;
			sourceTree = "<group>";
		};
		04FC0D56210B030E00CD2A23 /* Supporting Files */ = {
			isa = PBXGroup;
			children = (
				04FC0D57210B030E00CD2A23 /* Info.plist */,
				04FC0D58210B030E00CD2A23 /* main.m */,
			);
			path = "Supporting Files";
			sourceTree = "<group>";
		};
		04FC0D59210B030E00CD2A23 /* Apps */ = {
			isa = PBXGroup;
			children = (
				04364F7B210EA44B00D9F6CF /* Common */,
				04FC0D5A210B030E00CD2A23 /* Essense */,
				04FC0D5E210B030E00CD2A23 /* Follow */,
				04FC0D62210B030E00CD2A23 /* Me */,
				04FC0D66210B030E00CD2A23 /* New */,
				04FC0D6A210B030E00CD2A23 /* Publish */,
			);
			path = Apps;
			sourceTree = "<group>";
		};
		04FC0D5A210B030E00CD2A23 /* Essense */ = {
			isa = PBXGroup;
			children = (
				0475D159212404B2007ACEF7 /* Macro */,
				04FC0D5B210B030E00CD2A23 /* Controller */,
				04FC0D5C210B030E00CD2A23 /* Model */,
				04FC0D5D210B030E00CD2A23 /* View */,
			);
			path = Essense;
			sourceTree = "<group>";
		};
		04FC0D5B210B030E00CD2A23 /* Controller */ = {
			isa = PBXGroup;
			children = (
				04FC0D74210B08A300CD2A23 /* LZEssenceViewController.h */,
				04FC0D75210B08A300CD2A23 /* LZEssenceViewController.m */,
			);
			path = Controller;
			sourceTree = "<group>";
		};
		04FC0D5C210B030E00CD2A23 /* Model */ = {
			isa = PBXGroup;
			children = (
			);
			path = Model;
			sourceTree = "<group>";
		};
		04FC0D5D210B030E00CD2A23 /* View */ = {
			isa = PBXGroup;
			children = (
				04424A842125075D001CD1E4 /* LZHomeHeaderView.h */,
				04424A852125075D001CD1E4 /* LZHomeHeaderView.m */,
			);
			path = View;
			sourceTree = "<group>";
		};
		04FC0D5E210B030E00CD2A23 /* Follow */ = {
			isa = PBXGroup;
			children = (
				04FC0D5F210B030E00CD2A23 /* Controller */,
				04FC0D60210B030E00CD2A23 /* Model */,
				04FC0D61210B030E00CD2A23 /* View */,
			);
			path = Follow;
			sourceTree = "<group>";
		};
		04FC0D5F210B030E00CD2A23 /* Controller */ = {
			isa = PBXGroup;
			children = (
				04FC0D77210B08B600CD2A23 /* LZFollowViewController.h */,
				04FC0D78210B08B600CD2A23 /* LZFollowViewController.m */,
			);
			path = Controller;
			sourceTree = "<group>";
		};
		04FC0D60210B030E00CD2A23 /* Model */ = {
			isa = PBXGroup;
			children = (
			);
			path = Model;
			sourceTree = "<group>";
		};
		04FC0D61210B030E00CD2A23 /* View */ = {
			isa = PBXGroup;
			children = (
			);
			path = View;
			sourceTree = "<group>";
		};
		04FC0D62210B030E00CD2A23 /* Me */ = {
			isa = PBXGroup;
			children = (
				04FC0D63210B030E00CD2A23 /* Controller */,
				04FC0D64210B030E00CD2A23 /* Model */,
				04FC0D65210B030E00CD2A23 /* View */,
			);
			path = Me;
			sourceTree = "<group>";
		};
		04FC0D63210B030E00CD2A23 /* Controller */ = {
			isa = PBXGroup;
			children = (
				04FC0D7A210B08C300CD2A23 /* LZMeViewController.h */,
				04FC0D7B210B08C300CD2A23 /* LZMeViewController.m */,
			);
			path = Controller;
			sourceTree = "<group>";
		};
		04FC0D64210B030E00CD2A23 /* Model */ = {
			isa = PBXGroup;
			children = (
			);
			path = Model;
			sourceTree = "<group>";
		};
		04FC0D65210B030E00CD2A23 /* View */ = {
			isa = PBXGroup;
			children = (
			);
			path = View;
			sourceTree = "<group>";
		};
		04FC0D66210B030E00CD2A23 /* New */ = {
			isa = PBXGroup;
			children = (
				04FC0D67210B030E00CD2A23 /* Controller */,
				04FC0D68210B030E00CD2A23 /* Model */,
				04FC0D69210B030E00CD2A23 /* View */,
			);
			path = New;
			sourceTree = "<group>";
		};
		04FC0D67210B030E00CD2A23 /* Controller */ = {
			isa = PBXGroup;
			children = (
				04FC0D7D210B08D100CD2A23 /* LZNewViewController.h */,
				04FC0D7E210B08D100CD2A23 /* LZNewViewController.m */,
			);
			path = Controller;
			sourceTree = "<group>";
		};
		04FC0D68210B030E00CD2A23 /* Model */ = {
			isa = PBXGroup;
			children = (
			);
			path = Model;
			sourceTree = "<group>";
		};
		04FC0D69210B030E00CD2A23 /* View */ = {
			isa = PBXGroup;
			children = (
			);
			path = View;
			sourceTree = "<group>";
		};
		04FC0D6A210B030E00CD2A23 /* Publish */ = {
			isa = PBXGroup;
			children = (
				04FC0D6B210B030E00CD2A23 /* Controller */,
				04FC0D6C210B030E00CD2A23 /* Model */,
				04FC0D6D210B030E00CD2A23 /* View */,
			);
			path = Publish;
			sourceTree = "<group>";
		};
		04FC0D6B210B030E00CD2A23 /* Controller */ = {
			isa = PBXGroup;
			children = (
				04FC0D80210B08E400CD2A23 /* LZPublishViewController.h */,
				04FC0D81210B08E400CD2A23 /* LZPublishViewController.m */,
			);
			path = Controller;
			sourceTree = "<group>";
		};
		04FC0D6C210B030E00CD2A23 /* Model */ = {
			isa = PBXGroup;
			children = (
			);
			path = Model;
			sourceTree = "<group>";
		};
		04FC0D6D210B030E00CD2A23 /* View */ = {
			isa = PBXGroup;
			children = (
			);
			path = View;
			sourceTree = "<group>";
		};
		04FC0D6E210B030E00CD2A23 /* Third */ = {
			isa = PBXGroup;
			children = (
				0404C2F0210F164900CB4B0C /* Category */,
			);
			path = Third;
			sourceTree = "<group>";
		};
		1FCB76EEC0C466511A652494 /* Frameworks */ = {
			isa = PBXGroup;
			children = (
				4CB6D146C6790638DF0B8D91 /* Pods_BaiSi.framework */,
			);
			name = Frameworks;
			sourceTree = "<group>";
		};
		87562C42F0321F5D49D3B07C /* Pods */ = {
			isa = PBXGroup;
			children = (
				C537EAF423C1E970792AD91F /* Pods-BaiSi.debug.xcconfig */,
				F930E0F0BBA3EDDC3A25007E /* Pods-BaiSi.release.xcconfig */,
			);
			name = Pods;
			sourceTree = "<group>";
		};
/* End PBXGroup section */

/* Begin PBXNativeTarget section */
		04FC0D1A210B003B00CD2A23 /* BaiSi */ = {
			isa = PBXNativeTarget;
			buildConfigurationList = 04FC0D47210B004500CD2A23 /* Build configuration list for PBXNativeTarget "BaiSi" */;
			buildPhases = (
				903318B8DE85A002AF14B7C7 /* [CP] Check Pods Manifest.lock */,
				04FC0D17210B003B00CD2A23 /* Sources */,
				04FC0D18210B003B00CD2A23 /* Frameworks */,
				04FC0D19210B003B00CD2A23 /* Resources */,
				40CAA2C0A3B04CBEDE325D1E /* [CP] Embed Pods Frameworks */,
			);
			buildRules = (
			);
			dependencies = (
			);
			name = BaiSi;
			productName = BaiSi;
			productReference = 04FC0D1B210B003B00CD2A23 /* BaiSi.app */;
			productType = "com.apple.product-type.application";
		};
		04FC0D32210B004500CD2A23 /* BaiSiTests */ = {
			isa = PBXNativeTarget;
			buildConfigurationList = 04FC0D4A210B004500CD2A23 /* Build configuration list for PBXNativeTarget "BaiSiTests" */;
			buildPhases = (
				04FC0D2F210B004500CD2A23 /* Sources */,
				04FC0D30210B004500CD2A23 /* Frameworks */,
				04FC0D31210B004500CD2A23 /* Resources */,
			);
			buildRules = (
			);
			dependencies = (
				04FC0D35210B004500CD2A23 /* PBXTargetDependency */,
			);
			name = BaiSiTests;
			productName = BaiSiTests;
			productReference = 04FC0D33210B004500CD2A23 /* BaiSiTests.xctest */;
			productType = "com.apple.product-type.bundle.unit-test";
		};
		04FC0D3D210B004500CD2A23 /* BaiSiUITests */ = {
			isa = PBXNativeTarget;
			buildConfigurationList = 04FC0D4D210B004500CD2A23 /* Build configuration list for PBXNativeTarget "BaiSiUITests" */;
			buildPhases = (
				04FC0D3A210B004500CD2A23 /* Sources */,
				04FC0D3B210B004500CD2A23 /* Frameworks */,
				04FC0D3C210B004500CD2A23 /* Resources */,
			);
			buildRules = (
			);
			dependencies = (
				04FC0D40210B004500CD2A23 /* PBXTargetDependency */,
			);
			name = BaiSiUITests;
			productName = BaiSiUITests;
			productReference = 04FC0D3E210B004500CD2A23 /* BaiSiUITests.xctest */;
			productType = "com.apple.product-type.bundle.ui-testing";
		};
/* End PBXNativeTarget section */

/* Begin PBXProject section */
		04FC0D13210B003B00CD2A23 /* Project object */ = {
			isa = PBXProject;
			attributes = {
				CLASSPREFIX = LZ;
				LastUpgradeCheck = 0940;
				ORGANIZATIONNAME = jack;
				TargetAttributes = {
					04FC0D1A210B003B00CD2A23 = {
						CreatedOnToolsVersion = 9.4.1;
					};
					04FC0D32210B004500CD2A23 = {
						CreatedOnToolsVersion = 9.4.1;
						TestTargetID = 04FC0D1A210B003B00CD2A23;
					};
					04FC0D3D210B004500CD2A23 = {
						CreatedOnToolsVersion = 9.4.1;
						TestTargetID = 04FC0D1A210B003B00CD2A23;
					};
				};
			};
			buildConfigurationList = 04FC0D16210B003B00CD2A23 /* Build configuration list for PBXProject "BaiSi" */;
			compatibilityVersion = "Xcode 9.3";
			developmentRegion = en;
			hasScannedForEncodings = 0;
			knownRegions = (
				en,
				Base,
			);
			mainGroup = 04FC0D12210B003B00CD2A23;
			productRefGroup = 04FC0D1C210B003B00CD2A23 /* Products */;
			projectDirPath = "";
			projectRoot = "";
			targets = (
				04FC0D1A210B003B00CD2A23 /* BaiSi */,
				04FC0D32210B004500CD2A23 /* BaiSiTests */,
				04FC0D3D210B004500CD2A23 /* BaiSiUITests */,
			);
		};
/* End PBXProject section */

/* Begin PBXResourcesBuildPhase section */
		04FC0D19210B003B00CD2A23 /* Resources */ = {
			isa = PBXResourcesBuildPhase;
			buildActionMask = 2147483647;
			files = (
				04FC0D6F210B030F00CD2A23 /* Assets.xcassets in Resources */,
				04FC0D70210B030F00CD2A23 /* LaunchScreen.storyboard in Resources */,
			);
			runOnlyForDeploymentPostprocessing = 0;
		};
		04FC0D31210B004500CD2A23 /* Resources */ = {
			isa = PBXResourcesBuildPhase;
			buildActionMask = 2147483647;
			files = (
			);
			runOnlyForDeploymentPostprocessing = 0;
		};
		04FC0D3C210B004500CD2A23 /* Resources */ = {
			isa = PBXResourcesBuildPhase;
			buildActionMask = 2147483647;
			files = (
			);
			runOnlyForDeploymentPostprocessing = 0;
		};
/* End PBXResourcesBuildPhase section */

/* Begin PBXShellScriptBuildPhase section */
		40CAA2C0A3B04CBEDE325D1E /* [CP] Embed Pods Frameworks */ = {
			isa = PBXShellScriptBuildPhase;
			buildActionMask = 2147483647;
			files = (
			);
			inputPaths = (
				"${SRCROOT}/Pods/Target Support Files/Pods-BaiSi/Pods-BaiSi-frameworks.sh",
				"${BUILT_PRODUCTS_DIR}/AFNetworking/AFNetworking.framework",
				"${BUILT_PRODUCTS_DIR}/MJExtension/MJExtension.framework",
				"${BUILT_PRODUCTS_DIR}/MJRefresh/MJRefresh.framework",
				"${BUILT_PRODUCTS_DIR}/Masonry/Masonry.framework",
				"${BUILT_PRODUCTS_DIR}/SDCycleScrollView/SDCycleScrollView.framework",
				"${BUILT_PRODUCTS_DIR}/SDWebImage/SDWebImage.framework",
			);
			name = "[CP] Embed Pods Frameworks";
			outputPaths = (
				"${TARGET_BUILD_DIR}/${FRAMEWORKS_FOLDER_PATH}/AFNetworking.framework",
				"${TARGET_BUILD_DIR}/${FRAMEWORKS_FOLDER_PATH}/MJExtension.framework",
				"${TARGET_BUILD_DIR}/${FRAMEWORKS_FOLDER_PATH}/MJRefresh.framework",
				"${TARGET_BUILD_DIR}/${FRAMEWORKS_FOLDER_PATH}/Masonry.framework",
				"${TARGET_BUILD_DIR}/${FRAMEWORKS_FOLDER_PATH}/SDCycleScrollView.framework",
				"${TARGET_BUILD_DIR}/${FRAMEWORKS_FOLDER_PATH}/SDWebImage.framework",
			);
			runOnlyForDeploymentPostprocessing = 0;
			shellPath = /bin/sh;
			shellScript = "\"${SRCROOT}/Pods/Target Support Files/Pods-BaiSi/Pods-BaiSi-frameworks.sh\"\n";
			showEnvVarsInLog = 0;
		};
		903318B8DE85A002AF14B7C7 /* [CP] Check Pods Manifest.lock */ = {
			isa = PBXShellScriptBuildPhase;
			buildActionMask = 2147483647;
			files = (
			);
			inputPaths = (
				"${PODS_PODFILE_DIR_PATH}/Podfile.lock",
				"${PODS_ROOT}/Manifest.lock",
			);
			name = "[CP] Check Pods Manifest.lock";
			outputPaths = (
				"$(DERIVED_FILE_DIR)/Pods-BaiSi-checkManifestLockResult.txt",
			);
			runOnlyForDeploymentPostprocessing = 0;
			shellPath = /bin/sh;
			shellScript = "diff \"${PODS_PODFILE_DIR_PATH}/Podfile.lock\" \"${PODS_ROOT}/Manifest.lock\" > /dev/null\nif [ $? != 0 ] ; then\n    # print error to STDERR\n    echo \"error: The sandbox is not in sync with the Podfile.lock. Run 'pod install' or update your CocoaPods installation.\" >&2\n    exit 1\nfi\n# This output is used by Xcode 'outputs' to avoid re-running this script phase.\necho \"SUCCESS\" > \"${SCRIPT_OUTPUT_FILE_0}\"\n";
			showEnvVarsInLog = 0;
		};
/* End PBXShellScriptBuildPhase section */

/* Begin PBXSourcesBuildPhase section */
		04FC0D17210B003B00CD2A23 /* Sources */ = {
			isa = PBXSourcesBuildPhase;
			buildActionMask = 2147483647;
			files = (
				045823C5210FF6F900486383 /* UIView+LZExtension.m in Sources */,
				04FC0D82210B08E400CD2A23 /* LZPublishViewController.m in Sources */,
				04FC0D73210B030F00CD2A23 /* main.m in Sources */,
				04FC0D7C210B08C300CD2A23 /* LZMeViewController.m in Sources */,
				04FC0D76210B08A300CD2A23 /* LZEssenceViewController.m in Sources */,
				04343A3021192A2C0097752E /* LZNavigationController.m in Sources */,
				04424A862125075D001CD1E4 /* LZHomeHeaderView.m in Sources */,
				04343A33211969330097752E /* UIBarButtonItem+LZExtension.m in Sources */,
				04364F83210EDBBA00D9F6CF /* LZTabBar.m in Sources */,
				04FC0D20210B003B00CD2A23 /* AppDelegate.m in Sources */,
				043343332111847A009511DE /* LZAlertView.m in Sources */,
				04364F80210EA49C00D9F6CF /* LZTabBarController.m in Sources */,
				04FC0D79210B08B600CD2A23 /* LZFollowViewController.m in Sources */,
				04FC0D7F210B08D100CD2A23 /* LZNewViewController.m in Sources */,
			);
			runOnlyForDeploymentPostprocessing = 0;
		};
		04FC0D2F210B004500CD2A23 /* Sources */ = {
			isa = PBXSourcesBuildPhase;
			buildActionMask = 2147483647;
			files = (
				04FC0D38210B004500CD2A23 /* BaiSiTests.m in Sources */,
			);
			runOnlyForDeploymentPostprocessing = 0;
		};
		04FC0D3A210B004500CD2A23 /* Sources */ = {
			isa = PBXSourcesBuildPhase;
			buildActionMask = 2147483647;
			files = (
				04FC0D43210B004500CD2A23 /* BaiSiUITests.m in Sources */,
			);
			runOnlyForDeploymentPostprocessing = 0;
		};
/* End PBXSourcesBuildPhase section */

/* Begin PBXTargetDependency section */
		04FC0D35210B004500CD2A23 /* PBXTargetDependency */ = {
			isa = PBXTargetDependency;
			target = 04FC0D1A210B003B00CD2A23 /* BaiSi */;
			targetProxy = 04FC0D34210B004500CD2A23 /* PBXContainerItemProxy */;
		};
		04FC0D40210B004500CD2A23 /* PBXTargetDependency */ = {
			isa = PBXTargetDependency;
			target = 04FC0D1A210B003B00CD2A23 /* BaiSi */;
			targetProxy = 04FC0D3F210B004500CD2A23 /* PBXContainerItemProxy */;
		};
/* End PBXTargetDependency section */

/* Begin PBXVariantGroup section */
		04FC0D52210B030E00CD2A23 /* LaunchScreen.storyboard */ = {
			isa = PBXVariantGroup;
			children = (
				04FC0D53210B030E00CD2A23 /* Base */,
			);
			name = LaunchScreen.storyboard;
			sourceTree = "<group>";
		};
/* End PBXVariantGroup section */

/* Begin XCBuildConfiguration section */
		04FC0D45210B004500CD2A23 /* Debug */ = {
			isa = XCBuildConfiguration;
			buildSettings = {
				ALWAYS_SEARCH_USER_PATHS = NO;
				CLANG_ANALYZER_NONNULL = YES;
				CLANG_ANALYZER_NUMBER_OBJECT_CONVERSION = YES_AGGRESSIVE;
				CLANG_CXX_LANGUAGE_STANDARD = "gnu++14";
				CLANG_CXX_LIBRARY = "libc++";
				CLANG_ENABLE_MODULES = YES;
				CLANG_ENABLE_OBJC_ARC = YES;
				CLANG_ENABLE_OBJC_WEAK = YES;
				CLANG_WARN_BLOCK_CAPTURE_AUTORELEASING = YES;
				CLANG_WARN_BOOL_CONVERSION = YES;
				CLANG_WARN_COMMA = YES;
				CLANG_WARN_CONSTANT_CONVERSION = YES;
				CLANG_WARN_DEPRECATED_OBJC_IMPLEMENTATIONS = YES;
				CLANG_WARN_DIRECT_OBJC_ISA_USAGE = YES_ERROR;
				CLANG_WARN_DOCUMENTATION_COMMENTS = YES;
				CLANG_WARN_EMPTY_BODY = YES;
				CLANG_WARN_ENUM_CONVERSION = YES;
				CLANG_WARN_INFINITE_RECURSION = YES;
				CLANG_WARN_INT_CONVERSION = YES;
				CLANG_WARN_NON_LITERAL_NULL_CONVERSION = YES;
				CLANG_WARN_OBJC_IMPLICIT_RETAIN_SELF = YES;
				CLANG_WARN_OBJC_LITERAL_CONVERSION = YES;
				CLANG_WARN_OBJC_ROOT_CLASS = YES_ERROR;
				CLANG_WARN_RANGE_LOOP_ANALYSIS = YES;
				CLANG_WARN_STRICT_PROTOTYPES = YES;
				CLANG_WARN_SUSPICIOUS_MOVE = YES;
				CLANG_WARN_UNGUARDED_AVAILABILITY = YES_AGGRESSIVE;
				CLANG_WARN_UNREACHABLE_CODE = YES;
				CLANG_WARN__DUPLICATE_METHOD_MATCH = YES;
				CODE_SIGN_IDENTITY = "iPhone Developer";
				COPY_PHASE_STRIP = NO;
				DEBUG_INFORMATION_FORMAT = dwarf;
				ENABLE_STRICT_OBJC_MSGSEND = YES;
				ENABLE_TESTABILITY = YES;
				GCC_C_LANGUAGE_STANDARD = gnu11;
				GCC_DYNAMIC_NO_PIC = NO;
				GCC_NO_COMMON_BLOCKS = YES;
				GCC_OPTIMIZATION_LEVEL = 0;
				GCC_PREPROCESSOR_DEFINITIONS = (
					"DEBUG=1",
					"$(inherited)",
				);
				GCC_WARN_64_TO_32_BIT_CONVERSION = YES;
				GCC_WARN_ABOUT_RETURN_TYPE = YES_ERROR;
				GCC_WARN_UNDECLARED_SELECTOR = YES;
				GCC_WARN_UNINITIALIZED_AUTOS = YES_AGGRESSIVE;
				GCC_WARN_UNUSED_FUNCTION = YES;
				GCC_WARN_UNUSED_VARIABLE = YES;
				IPHONEOS_DEPLOYMENT_TARGET = 11.4;
				MTL_ENABLE_DEBUG_INFO = YES;
				ONLY_ACTIVE_ARCH = YES;
				SDKROOT = iphoneos;
			};
			name = Debug;
		};
		04FC0D46210B004500CD2A23 /* Release */ = {
			isa = XCBuildConfiguration;
			buildSettings = {
				ALWAYS_SEARCH_USER_PATHS = NO;
				CLANG_ANALYZER_NONNULL = YES;
				CLANG_ANALYZER_NUMBER_OBJECT_CONVERSION = YES_AGGRESSIVE;
				CLANG_CXX_LANGUAGE_STANDARD = "gnu++14";
				CLANG_CXX_LIBRARY = "libc++";
				CLANG_ENABLE_MODULES = YES;
				CLANG_ENABLE_OBJC_ARC = YES;
				CLANG_ENABLE_OBJC_WEAK = YES;
				CLANG_WARN_BLOCK_CAPTURE_AUTORELEASING = YES;
				CLANG_WARN_BOOL_CONVERSION = YES;
				CLANG_WARN_COMMA = YES;
				CLANG_WARN_CONSTANT_CONVERSION = YES;
				CLANG_WARN_DEPRECATED_OBJC_IMPLEMENTATIONS = YES;
				CLANG_WARN_DIRECT_OBJC_ISA_USAGE = YES_ERROR;
				CLANG_WARN_DOCUMENTATION_COMMENTS = YES;
				CLANG_WARN_EMPTY_BODY = YES;
				CLANG_WARN_ENUM_CONVERSION = YES;
				CLANG_WARN_INFINITE_RECURSION = YES;
				CLANG_WARN_INT_CONVERSION = YES;
				CLANG_WARN_NON_LITERAL_NULL_CONVERSION = YES;
				CLANG_WARN_OBJC_IMPLICIT_RETAIN_SELF = YES;
				CLANG_WARN_OBJC_LITERAL_CONVERSION = YES;
				CLANG_WARN_OBJC_ROOT_CLASS = YES_ERROR;
				CLANG_WARN_RANGE_LOOP_ANALYSIS = YES;
				CLANG_WARN_STRICT_PROTOTYPES = YES;
				CLANG_WARN_SUSPICIOUS_MOVE = YES;
				CLANG_WARN_UNGUARDED_AVAILABILITY = YES_AGGRESSIVE;
				CLANG_WARN_UNREACHABLE_CODE = YES;
				CLANG_WARN__DUPLICATE_METHOD_MATCH = YES;
				CODE_SIGN_IDENTITY = "iPhone Developer";
				COPY_PHASE_STRIP = NO;
				DEBUG_INFORMATION_FORMAT = "dwarf-with-dsym";
				ENABLE_NS_ASSERTIONS = NO;
				ENABLE_STRICT_OBJC_MSGSEND = YES;
				GCC_C_LANGUAGE_STANDARD = gnu11;
				GCC_NO_COMMON_BLOCKS = YES;
				GCC_WARN_64_TO_32_BIT_CONVERSION = YES;
				GCC_WARN_ABOUT_RETURN_TYPE = YES_ERROR;
				GCC_WARN_UNDECLARED_SELECTOR = YES;
				GCC_WARN_UNINITIALIZED_AUTOS = YES_AGGRESSIVE;
				GCC_WARN_UNUSED_FUNCTION = YES;
				GCC_WARN_UNUSED_VARIABLE = YES;
				IPHONEOS_DEPLOYMENT_TARGET = 11.4;
				MTL_ENABLE_DEBUG_INFO = NO;
				SDKROOT = iphoneos;
				VALIDATE_PRODUCT = YES;
			};
			name = Release;
		};
		04FC0D48210B004500CD2A23 /* Debug */ = {
			isa = XCBuildConfiguration;
			baseConfigurationReference = C537EAF423C1E970792AD91F /* Pods-BaiSi.debug.xcconfig */;
			buildSettings = {
				ASSETCATALOG_COMPILER_APPICON_NAME = AppIcon;
				CODE_SIGN_STYLE = Automatic;
				DEVELOPMENT_TEAM = 4ZFVDL43ZL;
				GCC_PREFIX_HEADER = BaiSi/PrefixHeader.pch;
				INFOPLIST_FILE = "$(SRCROOT)/BaiSi/Supporting Files/Info.plist";
				IPHONEOS_DEPLOYMENT_TARGET = 9.0;
				LD_RUNPATH_SEARCH_PATHS = (
					"$(inherited)",
					"@executable_path/Frameworks",
				);
				PRODUCT_BUNDLE_IDENTIFIER = com.BaiSiBuDeJie.BaiSi;
				PRODUCT_NAME = "$(TARGET_NAME)";
				TARGETED_DEVICE_FAMILY = 1;
			};
			name = Debug;
		};
		04FC0D49210B004500CD2A23 /* Release */ = {
			isa = XCBuildConfiguration;
			baseConfigurationReference = F930E0F0BBA3EDDC3A25007E /* Pods-BaiSi.release.xcconfig */;
			buildSettings = {
				ASSETCATALOG_COMPILER_APPICON_NAME = AppIcon;
				CODE_SIGN_STYLE = Automatic;
				DEVELOPMENT_TEAM = 4ZFVDL43ZL;
				GCC_PREFIX_HEADER = BaiSi/PrefixHeader.pch;
				INFOPLIST_FILE = "$(SRCROOT)/BaiSi/Supporting Files/Info.plist";
				IPHONEOS_DEPLOYMENT_TARGET = 9.0;
				LD_RUNPATH_SEARCH_PATHS = (
					"$(inherited)",
					"@executable_path/Frameworks",
				);
				PRODUCT_BUNDLE_IDENTIFIER = com.BaiSiBuDeJie.BaiSi;
				PRODUCT_NAME = "$(TARGET_NAME)";
				TARGETED_DEVICE_FAMILY = 1;
			};
			name = Release;
		};
		04FC0D4B210B004500CD2A23 /* Debug */ = {
			isa = XCBuildConfiguration;
			buildSettings = {
				BUNDLE_LOADER = "$(TEST_HOST)";
				CODE_SIGN_STYLE = Automatic;
				INFOPLIST_FILE = BaiSiTests/Info.plist;
				LD_RUNPATH_SEARCH_PATHS = (
					"$(inherited)",
					"@executable_path/Frameworks",
					"@loader_path/Frameworks",
				);
				PRODUCT_BUNDLE_IDENTIFIER = com.BaiSiBuDeJie.BaiSiTests;
				PRODUCT_NAME = "$(TARGET_NAME)";
				TARGETED_DEVICE_FAMILY = "1,2";
				TEST_HOST = "$(BUILT_PRODUCTS_DIR)/BaiSi.app/BaiSi";
			};
			name = Debug;
		};
		04FC0D4C210B004500CD2A23 /* Release */ = {
			isa = XCBuildConfiguration;
			buildSettings = {
				BUNDLE_LOADER = "$(TEST_HOST)";
				CODE_SIGN_STYLE = Automatic;
				INFOPLIST_FILE = BaiSiTests/Info.plist;
				LD_RUNPATH_SEARCH_PATHS = (
					"$(inherited)",
					"@executable_path/Frameworks",
					"@loader_path/Frameworks",
				);
				PRODUCT_BUNDLE_IDENTIFIER = com.BaiSiBuDeJie.BaiSiTests;
				PRODUCT_NAME = "$(TARGET_NAME)";
				TARGETED_DEVICE_FAMILY = "1,2";
				TEST_HOST = "$(BUILT_PRODUCTS_DIR)/BaiSi.app/BaiSi";
			};
			name = Release;
		};
		04FC0D4E210B004500CD2A23 /* Debug */ = {
			isa = XCBuildConfiguration;
			buildSettings = {
				CODE_SIGN_STYLE = Automatic;
				INFOPLIST_FILE = BaiSiUITests/Info.plist;
				LD_RUNPATH_SEARCH_PATHS = (
					"$(inherited)",
					"@executable_path/Frameworks",
					"@loader_path/Frameworks",
				);
				PRODUCT_BUNDLE_IDENTIFIER = com.BaiSiBuDeJie.BaiSiUITests;
				PRODUCT_NAME = "$(TARGET_NAME)";
				TARGETED_DEVICE_FAMILY = "1,2";
				TEST_TARGET_NAME = BaiSi;
			};
			name = Debug;
		};
		04FC0D4F210B004500CD2A23 /* Release */ = {
			isa = XCBuildConfiguration;
			buildSettings = {
				CODE_SIGN_STYLE = Automatic;
				INFOPLIST_FILE = BaiSiUITests/Info.plist;
				LD_RUNPATH_SEARCH_PATHS = (
					"$(inherited)",
					"@executable_path/Frameworks",
					"@loader_path/Frameworks",
				);
				PRODUCT_BUNDLE_IDENTIFIER = com.BaiSiBuDeJie.BaiSiUITests;
				PRODUCT_NAME = "$(TARGET_NAME)";
				TARGETED_DEVICE_FAMILY = "1,2";
				TEST_TARGET_NAME = BaiSi;
			};
			name = Release;
		};
/* End XCBuildConfiguration section */

/* Begin XCConfigurationList section */
		04FC0D16210B003B00CD2A23 /* Build configuration list for PBXProject "BaiSi" */ = {
			isa = XCConfigurationList;
			buildConfigurations = (
				04FC0D45210B004500CD2A23 /* Debug */,
				04FC0D46210B004500CD2A23 /* Release */,
			);
			defaultConfigurationIsVisible = 0;
			defaultConfigurationName = Release;
		};
		04FC0D47210B004500CD2A23 /* Build configuration list for PBXNativeTarget "BaiSi" */ = {
			isa = XCConfigurationList;
			buildConfigurations = (
				04FC0D48210B004500CD2A23 /* Debug */,
				04FC0D49210B004500CD2A23 /* Release */,
			);
			defaultConfigurationIsVisible = 0;
			defaultConfigurationName = Release;
		};
		04FC0D4A210B004500CD2A23 /* Build configuration list for PBXNativeTarget "BaiSiTests" */ = {
			isa = XCConfigurationList;
			buildConfigurations = (
				04FC0D4B210B004500CD2A23 /* Debug */,
				04FC0D4C210B004500CD2A23 /* Release */,
			);
			defaultConfigurationIsVisible = 0;
			defaultConfigurationName = Release;
		};
		04FC0D4D210B004500CD2A23 /* Build configuration list for PBXNativeTarget "BaiSiUITests" */ = {
			isa = XCConfigurationList;
			buildConfigurations = (
				04FC0D4E210B004500CD2A23 /* Debug */,
				04FC0D4F210B004500CD2A23 /* Release */,
			);
			defaultConfigurationIsVisible = 0;
			defaultConfigurationName = Release;
		};
/* End XCConfigurationList section */
	};
	rootObject = 04FC0D13210B003B00CD2A23 /* Project object */;
}
